
Microsoft Visual Studio Solution File, Format Version 12.00
# Visual Studio 15
VisualStudioVersion = 15.0.28307.852
MinimumVisualStudioVersion = 10.0.40219.1
Project("{FAE04EC0-301F-11D3-BF4B-00C04F79EFBC}") = "Mantis", "Mantis\Mantis.csproj", "{A4BE494A-AF14-4DAA-ACA4-4BDA8B6CD154}"
EndProject
Global
	GlobalSection(SolutionConfigurationPlatforms) = preSolution
		Debug|Any CPU = Debug|Any CPU
		Release|Any CPU = Release|Any CPU
	EndGlobalSection
	GlobalSection(ProjectConfigurationPlatforms) = postSolution
		{A4BE494A-AF14-4DAA-ACA4-4BDA8B6CD154}.Debug|Any CPU.ActiveCfg = Debug|Any CPU
		{A4BE494A-AF14-4DAA-ACA4-4BDA8B6CD154}.Debug|Any CPU.Build.0 = Debug|Any CPU
		{A4BE494A-AF14-4DAA-ACA4-4BDA8B6CD154}.Release|Any CPU.ActiveCfg = Release|Any CPU
		{A4BE494A-AF14-4DAA-ACA4-4BDA8B6CD154}.Release|Any CPU.Build.0 = Release|Any CPU
	EndGlobalSection
	GlobalSection(SolutionProperties) = preSolution
		HideSolutionNode = FALSE
	EndGlobalSection
	GlobalSection(ExtensibilityGlobals) = postSolution
		SolutionGuid = {D513BB13-DF8F-41DF-A02E-B6B87A77AB22}
	EndGlobalSection
EndGlobal
